// !$*UTF8*$!
{
	archiveVersion = 1;
	classes = {
	};
	objectVersion = 46;
	objects = {

/* Begin PBXBuildFile section */
		1991EA996B9E85E355540B59 /* libPods-SimpleConverter.a in Frameworks */ = {isa = PBXBuildFile; fileRef = F497B73A0BA78EB1D8D47F50 /* libPods-SimpleConverter.a */; };
		677EF1113C73AAE83D96033D /* SBNumberUtilsTests.m in Sources */ = {isa = PBXBuildFile; fileRef = 677EF480220DABE08BC0472C /* SBNumberUtilsTests.m */; };
		677EF340996F44E1504EE3E8 /* NSNumber+Utils.m in Sources */ = {isa = PBXBuildFile; fileRef = 677EFF6521647E343C740E3F /* NSNumber+Utils.m */; };
		677EF8607FE5D4DB401AEE20 /* NSManagedObjectContext+Testing.m in Sources */ = {isa = PBXBuildFile; fileRef = 677EFA752EF58617A90BF6F4 /* NSManagedObjectContext+Testing.m */; };
		677EF8B2DE39D0ECE0E8C00D /* SBStringUtilsTests.m in Sources */ = {isa = PBXBuildFile; fileRef = 677EFAC6566D4543B89D1CF4 /* SBStringUtilsTests.m */; };
		677EF8E4F96504DCA522C615 /* SBDictionaryUtilsTests.m in Sources */ = {isa = PBXBuildFile; fileRef = 677EF8467B8615F4C17FAD45 /* SBDictionaryUtilsTests.m */; };
		677EF9BF3FE835EDDA51DB55 /* SBObjectUtilsTests.m in Sources */ = {isa = PBXBuildFile; fileRef = 677EF94C1353FE8EA987E388 /* SBObjectUtilsTests.m */; };
		677EFA13BF95B81EE2C730CB /* NSString+Utils.m in Sources */ = {isa = PBXBuildFile; fileRef = 677EF80BD0E38A6CDD560887 /* NSString+Utils.m */; };
		677EFA6E5F86C6185051270F /* SBArrayUtilsTests.m in Sources */ = {isa = PBXBuildFile; fileRef = 677EF573D7C567765FF25572 /* SBArrayUtilsTests.m */; };
		677EFA87BFEC991391D9F8F5 /* NSObject+Utils.m in Sources */ = {isa = PBXBuildFile; fileRef = 677EF4582FCF56B70A5B083C /* NSObject+Utils.m */; };
		677EFC28C9D88ED58B3E5298 /* SimpleConverter.xcdatamodel in Sources */ = {isa = PBXBuildFile; fileRef = 677EFABE34B6DF0F394D582D /* SimpleConverter.xcdatamodel */; };
		677EFC7ED3BA98E4BEFBAD3F /* SBCurrencyRateSaver.m in Sources */ = {isa = PBXBuildFile; fileRef = 677EF4E8F66D7A141FF7C4B0 /* SBCurrencyRateSaver.m */; };
		677EFCA6F3B0765BE45A798C /* NSArray+Utils.m in Sources */ = {isa = PBXBuildFile; fileRef = 677EFE6EF13C1E321F9044F0 /* NSArray+Utils.m */; };
		677EFD1A78CF0A444A18645A /* NSString+MD5.m in Sources */ = {isa = PBXBuildFile; fileRef = 677EF9BE7F57933D77844824 /* NSString+MD5.m */; };
		677EFF1A67E64A900001236F /* NSDictionary+Utils.m in Sources */ = {isa = PBXBuildFile; fileRef = 677EF003E810306F279879CE /* NSDictionary+Utils.m */; };
		FC6DEF5E1A93BC5D00A86CA8 /* main.m in Sources */ = {isa = PBXBuildFile; fileRef = FC6DEF5D1A93BC5D00A86CA8 /* main.m */; };
		FC6DEF611A93BC5D00A86CA8 /* AppDelegate.m in Sources */ = {isa = PBXBuildFile; fileRef = FC6DEF601A93BC5D00A86CA8 /* AppDelegate.m */; };
		FC6DEF671A93BC5D00A86CA8 /* ViewController.m in Sources */ = {isa = PBXBuildFile; fileRef = FC6DEF661A93BC5D00A86CA8 /* ViewController.m */; };
		FC6DEF6A1A93BC5D00A86CA8 /* Main.storyboard in Resources */ = {isa = PBXBuildFile; fileRef = FC6DEF681A93BC5D00A86CA8 /* Main.storyboard */; };
		FC6DEF6C1A93BC5D00A86CA8 /* Images.xcassets in Resources */ = {isa = PBXBuildFile; fileRef = FC6DEF6B1A93BC5D00A86CA8 /* Images.xcassets */; };
		FC6DEF6F1A93BC5D00A86CA8 /* LaunchScreen.xib in Resources */ = {isa = PBXBuildFile; fileRef = FC6DEF6D1A93BC5D00A86CA8 /* LaunchScreen.xib */; };
		FC7750E21A94E0CD00542A72 /* SBRate.m in Sources */ = {isa = PBXBuildFile; fileRef = FC7750E11A94E0CD00542A72 /* SBRate.m */; };
		FC7750E41A94EED900542A72 /* SBCurrencyRateSaverTests.m in Sources */ = {isa = PBXBuildFile; fileRef = FC7750E31A94EED900542A72 /* SBCurrencyRateSaverTests.m */; };
/* End PBXBuildFile section */

/* Begin PBXContainerItemProxy section */
		FC6DEF751A93BC5E00A86CA8 /* PBXContainerItemProxy */ = {
			isa = PBXContainerItemProxy;
			containerPortal = FC6DEF501A93BC5D00A86CA8 /* Project object */;
			proxyType = 1;
			remoteGlobalIDString = FC6DEF571A93BC5D00A86CA8;
			remoteInfo = SimpleConverter;
		};
/* End PBXContainerItemProxy section */

/* Begin PBXFileReference section */
		150B7B1D2765C1711DA33D28 /* Pods-SimpleConverter.debug.xcconfig */ = {isa = PBXFileReference; includeInIndex = 1; lastKnownFileType = text.xcconfig; name = "Pods-SimpleConverter.debug.xcconfig"; path = "Pods/Target Support Files/Pods-SimpleConverter/Pods-SimpleConverter.debug.xcconfig"; sourceTree = "<group>"; };
		677EF003E810306F279879CE /* NSDictionary+Utils.m */ = {isa = PBXFileReference; fileEncoding = 4; lastKnownFileType = sourcecode.c.objc; path = "NSDictionary+Utils.m"; sourceTree = "<group>"; };
		677EF30E1EC024EDCD1BCBDB /* NSString+MD5.h */ = {isa = PBXFileReference; fileEncoding = 4; lastKnownFileType = sourcecode.c.h; path = "NSString+MD5.h"; sourceTree = "<group>"; };
		677EF37F8C0BB7A933D235B4 /* SBCurrencyRateSaverProtocol.h */ = {isa = PBXFileReference; fileEncoding = 4; lastKnownFileType = sourcecode.c.h; path = SBCurrencyRateSaverProtocol.h; sourceTree = "<group>"; };
		677EF4582FCF56B70A5B083C /* NSObject+Utils.m */ = {isa = PBXFileReference; fileEncoding = 4; lastKnownFileType = sourcecode.c.objc; path = "NSObject+Utils.m"; sourceTree = "<group>"; };
		677EF480220DABE08BC0472C /* SBNumberUtilsTests.m */ = {isa = PBXFileReference; fileEncoding = 4; lastKnownFileType = sourcecode.c.objc; path = SBNumberUtilsTests.m; sourceTree = "<group>"; };
		677EF4E8F66D7A141FF7C4B0 /* SBCurrencyRateSaver.m */ = {isa = PBXFileReference; fileEncoding = 4; lastKnownFileType = sourcecode.c.objc; path = SBCurrencyRateSaver.m; sourceTree = "<group>"; };
		677EF4F973DDBDFC4B4EC449 /* NSArray+Utils.h */ = {isa = PBXFileReference; fileEncoding = 4; lastKnownFileType = sourcecode.c.h; path = "NSArray+Utils.h"; sourceTree = "<group>"; };
		677EF573D7C567765FF25572 /* SBArrayUtilsTests.m */ = {isa = PBXFileReference; fileEncoding = 4; lastKnownFileType = sourcecode.c.objc; path = SBArrayUtilsTests.m; sourceTree = "<group>"; };
		677EF6C922FA7CE47FCA0630 /* SBCurrencyRateSaver.h */ = {isa = PBXFileReference; fileEncoding = 4; lastKnownFileType = sourcecode.c.h; path = SBCurrencyRateSaver.h; sourceTree = "<group>"; };
		677EF80BD0E38A6CDD560887 /* NSString+Utils.m */ = {isa = PBXFileReference; fileEncoding = 4; lastKnownFileType = sourcecode.c.objc; path = "NSString+Utils.m"; sourceTree = "<group>"; };
		677EF8375E23F040EF2C4842 /* NSNumber+Utils.h */ = {isa = PBXFileReference; fileEncoding = 4; lastKnownFileType = sourcecode.c.h; path = "NSNumber+Utils.h"; sourceTree = "<group>"; };
		677EF8467B8615F4C17FAD45 /* SBDictionaryUtilsTests.m */ = {isa = PBXFileReference; fileEncoding = 4; lastKnownFileType = sourcecode.c.objc; path = SBDictionaryUtilsTests.m; sourceTree = "<group>"; };
		677EF94C1353FE8EA987E388 /* SBObjectUtilsTests.m */ = {isa = PBXFileReference; fileEncoding = 4; lastKnownFileType = sourcecode.c.objc; path = SBObjectUtilsTests.m; sourceTree = "<group>"; };
		677EF9A658A8D3D9A083F398 /* NSString+Utils.h */ = {isa = PBXFileReference; fileEncoding = 4; lastKnownFileType = sourcecode.c.h; path = "NSString+Utils.h"; sourceTree = "<group>"; };
		677EF9BE7F57933D77844824 /* NSString+MD5.m */ = {isa = PBXFileReference; fileEncoding = 4; lastKnownFileType = sourcecode.c.objc; path = "NSString+MD5.m"; sourceTree = "<group>"; };
		677EFA752EF58617A90BF6F4 /* NSManagedObjectContext+Testing.m */ = {isa = PBXFileReference; fileEncoding = 4; lastKnownFileType = sourcecode.c.objc; path = "NSManagedObjectContext+Testing.m"; sourceTree = "<group>"; };
		677EFABE34B6DF0F394D582D /* SimpleConverter.xcdatamodel */ = {isa = PBXFileReference; lastKnownFileType = wrapper.xcdatamodel; path = SimpleConverter.xcdatamodel; sourceTree = "<group>"; };
		677EFAC6566D4543B89D1CF4 /* SBStringUtilsTests.m */ = {isa = PBXFileReference; fileEncoding = 4; lastKnownFileType = sourcecode.c.objc; path = SBStringUtilsTests.m; sourceTree = "<group>"; };
		677EFB7425FECFB3576A0AEC /* NSObject+Utils.h */ = {isa = PBXFileReference; fileEncoding = 4; lastKnownFileType = sourcecode.c.h; path = "NSObject+Utils.h"; sourceTree = "<group>"; };
		677EFD7FAFE2D29E7E2A82E2 /* NSManagedObjectContext+Testing.h */ = {isa = PBXFileReference; fileEncoding = 4; lastKnownFileType = sourcecode.c.h; path = "NSManagedObjectContext+Testing.h"; sourceTree = "<group>"; };
		677EFE6EF13C1E321F9044F0 /* NSArray+Utils.m */ = {isa = PBXFileReference; fileEncoding = 4; lastKnownFileType = sourcecode.c.objc; path = "NSArray+Utils.m"; sourceTree = "<group>"; };
		677EFF6521647E343C740E3F /* NSNumber+Utils.m */ = {isa = PBXFileReference; fileEncoding = 4; lastKnownFileType = sourcecode.c.objc; path = "NSNumber+Utils.m"; sourceTree = "<group>"; };
		677EFF6D50B1FA8876888A51 /* NSDictionary+Utils.h */ = {isa = PBXFileReference; fileEncoding = 4; lastKnownFileType = sourcecode.c.h; path = "NSDictionary+Utils.h"; sourceTree = "<group>"; };
		D729590306408D77925F4CA0 /* Pods-SimpleConverter.release.xcconfig */ = {isa = PBXFileReference; includeInIndex = 1; lastKnownFileType = text.xcconfig; name = "Pods-SimpleConverter.release.xcconfig"; path = "Pods/Target Support Files/Pods-SimpleConverter/Pods-SimpleConverter.release.xcconfig"; sourceTree = "<group>"; };
		F497B73A0BA78EB1D8D47F50 /* libPods-SimpleConverter.a */ = {isa = PBXFileReference; explicitFileType = archive.ar; includeInIndex = 0; path = "libPods-SimpleConverter.a"; sourceTree = BUILT_PRODUCTS_DIR; };
		FC6DEF581A93BC5D00A86CA8 /* SimpleConverter.app */ = {isa = PBXFileReference; explicitFileType = wrapper.application; includeInIndex = 0; path = SimpleConverter.app; sourceTree = BUILT_PRODUCTS_DIR; };
		FC6DEF5C1A93BC5D00A86CA8 /* Info.plist */ = {isa = PBXFileReference; lastKnownFileType = text.plist.xml; path = Info.plist; sourceTree = "<group>"; };
		FC6DEF5D1A93BC5D00A86CA8 /* main.m */ = {isa = PBXFileReference; lastKnownFileType = sourcecode.c.objc; path = main.m; sourceTree = "<group>"; };
		FC6DEF5F1A93BC5D00A86CA8 /* AppDelegate.h */ = {isa = PBXFileReference; lastKnownFileType = sourcecode.c.h; path = AppDelegate.h; sourceTree = "<group>"; };
		FC6DEF601A93BC5D00A86CA8 /* AppDelegate.m */ = {isa = PBXFileReference; lastKnownFileType = sourcecode.c.objc; path = AppDelegate.m; sourceTree = "<group>"; };
		FC6DEF651A93BC5D00A86CA8 /* ViewController.h */ = {isa = PBXFileReference; lastKnownFileType = sourcecode.c.h; path = ViewController.h; sourceTree = "<group>"; };
		FC6DEF661A93BC5D00A86CA8 /* ViewController.m */ = {isa = PBXFileReference; lastKnownFileType = sourcecode.c.objc; path = ViewController.m; sourceTree = "<group>"; };
		FC6DEF691A93BC5D00A86CA8 /* Base */ = {isa = PBXFileReference; lastKnownFileType = file.storyboard; name = Base; path = Base.lproj/Main.storyboard; sourceTree = "<group>"; };
		FC6DEF6B1A93BC5D00A86CA8 /* Images.xcassets */ = {isa = PBXFileReference; lastKnownFileType = folder.assetcatalog; path = Images.xcassets; sourceTree = "<group>"; };
		FC6DEF6E1A93BC5D00A86CA8 /* Base */ = {isa = PBXFileReference; lastKnownFileType = file.xib; name = Base; path = Base.lproj/LaunchScreen.xib; sourceTree = "<group>"; };
		FC6DEF741A93BC5E00A86CA8 /* SimpleConverterTests.xctest */ = {isa = PBXFileReference; explicitFileType = wrapper.cfbundle; includeInIndex = 0; path = SimpleConverterTests.xctest; sourceTree = BUILT_PRODUCTS_DIR; };
		FC6DEF791A93BC5E00A86CA8 /* Info.plist */ = {isa = PBXFileReference; lastKnownFileType = text.plist.xml; path = Info.plist; sourceTree = "<group>"; };
		FC7750E01A94E0CD00542A72 /* SBRate.h */ = {isa = PBXFileReference; fileEncoding = 4; lastKnownFileType = sourcecode.c.h; path = SBRate.h; sourceTree = "<group>"; };
		FC7750E11A94E0CD00542A72 /* SBRate.m */ = {isa = PBXFileReference; fileEncoding = 4; lastKnownFileType = sourcecode.c.objc; path = SBRate.m; sourceTree = "<group>"; };
		FC7750E31A94EED900542A72 /* SBCurrencyRateSaverTests.m */ = {isa = PBXFileReference; fileEncoding = 4; lastKnownFileType = sourcecode.c.objc; path = SBCurrencyRateSaverTests.m; sourceTree = "<group>"; };
/* End PBXFileReference section */

/* Begin PBXFrameworksBuildPhase section */
		FC6DEF551A93BC5D00A86CA8 /* Frameworks */ = {
			isa = PBXFrameworksBuildPhase;
			buildActionMask = 2147483647;
			files = (
				1991EA996B9E85E355540B59 /* libPods-SimpleConverter.a in Frameworks */,
			);
			runOnlyForDeploymentPostprocessing = 0;
		};
		FC6DEF711A93BC5E00A86CA8 /* Frameworks */ = {
			isa = PBXFrameworksBuildPhase;
			buildActionMask = 2147483647;
			files = (
			);
			runOnlyForDeploymentPostprocessing = 0;
		};
/* End PBXFrameworksBuildPhase section */

/* Begin PBXGroup section */
		4F966E8BDABBE662747F41A9 /* Frameworks */ = {
			isa = PBXGroup;
			children = (
				F497B73A0BA78EB1D8D47F50 /* libPods-SimpleConverter.a */,
			);
			name = Frameworks;
			sourceTree = "<group>";
		};
		677EF2BF4C637EE22D14590A /* DataSave */ = {
			isa = PBXGroup;
			children = (
				677EF6C922FA7CE47FCA0630 /* SBCurrencyRateSaver.h */,
				677EF4E8F66D7A141FF7C4B0 /* SBCurrencyRateSaver.m */,
				677EF37F8C0BB7A933D235B4 /* SBCurrencyRateSaverProtocol.h */,
			);
			path = DataSave;
			sourceTree = "<group>";
		};
		677EF70C91710859B1FCDEBB /* TestUtils */ = {
			isa = PBXGroup;
			children = (
				677EFD7FAFE2D29E7E2A82E2 /* NSManagedObjectContext+Testing.h */,
				677EFA752EF58617A90BF6F4 /* NSManagedObjectContext+Testing.m */,
			);
			path = TestUtils;
			sourceTree = "<group>";
		};
		677EFAE85B7FA7CF74BAA2F3 /* DataModel */ = {
			isa = PBXGroup;
			children = (
				677EFABE34B6DF0F394D582D /* SimpleConverter.xcdatamodel */,
				FC7750E01A94E0CD00542A72 /* SBRate.h */,
				FC7750E11A94E0CD00542A72 /* SBRate.m */,
			);
			path = DataModel;
			sourceTree = "<group>";
		};
		677EFC7A3CFFDC9B7C5F12F9 /* Utils */ = {
			isa = PBXGroup;
			children = (
				677EF30E1EC024EDCD1BCBDB /* NSString+MD5.h */,
				677EF9BE7F57933D77844824 /* NSString+MD5.m */,
				677EF4F973DDBDFC4B4EC449 /* NSArray+Utils.h */,
				677EFE6EF13C1E321F9044F0 /* NSArray+Utils.m */,
				677EF8375E23F040EF2C4842 /* NSNumber+Utils.h */,
				677EFF6521647E343C740E3F /* NSNumber+Utils.m */,
				677EFB7425FECFB3576A0AEC /* NSObject+Utils.h */,
				677EF4582FCF56B70A5B083C /* NSObject+Utils.m */,
				677EF9A658A8D3D9A083F398 /* NSString+Utils.h */,
				677EF80BD0E38A6CDD560887 /* NSString+Utils.m */,
				677EFF6D50B1FA8876888A51 /* NSDictionary+Utils.h */,
				677EF003E810306F279879CE /* NSDictionary+Utils.m */,
			);
			path = Utils;
			sourceTree = "<group>";
		};
		677EFE90C6505C7B843E7D77 /* Utils */ = {
			isa = PBXGroup;
			children = (
				677EF573D7C567765FF25572 /* SBArrayUtilsTests.m */,
				677EF480220DABE08BC0472C /* SBNumberUtilsTests.m */,
				677EF94C1353FE8EA987E388 /* SBObjectUtilsTests.m */,
				677EFAC6566D4543B89D1CF4 /* SBStringUtilsTests.m */,
				677EF8467B8615F4C17FAD45 /* SBDictionaryUtilsTests.m */,
			);
			path = Utils;
			sourceTree = "<group>";
		};
		677EFF8F2A25AB99379B6C21 /* DataSave */ = {
			isa = PBXGroup;
			children = (
				FC7750E31A94EED900542A72 /* SBCurrencyRateSaverTests.m */,
			);
			path = DataSave;
			sourceTree = "<group>";
		};
		7A609FB83931FF6E0EC66538 /* Pods */ = {
			isa = PBXGroup;
			children = (
				150B7B1D2765C1711DA33D28 /* Pods-SimpleConverter.debug.xcconfig */,
				D729590306408D77925F4CA0 /* Pods-SimpleConverter.release.xcconfig */,
			);
			name = Pods;
			sourceTree = "<group>";
		};
		FC6DEF4F1A93BC5D00A86CA8 = {
			isa = PBXGroup;
			children = (
				FC6DEF5A1A93BC5D00A86CA8 /* SimpleConverter */,
				FC6DEF771A93BC5E00A86CA8 /* SimpleConverterTests */,
				FC6DEF591A93BC5D00A86CA8 /* Products */,
				7A609FB83931FF6E0EC66538 /* Pods */,
				4F966E8BDABBE662747F41A9 /* Frameworks */,
			);
			sourceTree = "<group>";
		};
		FC6DEF591A93BC5D00A86CA8 /* Products */ = {
			isa = PBXGroup;
			children = (
				FC6DEF581A93BC5D00A86CA8 /* SimpleConverter.app */,
				FC6DEF741A93BC5E00A86CA8 /* SimpleConverterTests.xctest */,
			);
			name = Products;
			sourceTree = "<group>";
		};
		FC6DEF5A1A93BC5D00A86CA8 /* SimpleConverter */ = {
			isa = PBXGroup;
			children = (
				FC6DEF5F1A93BC5D00A86CA8 /* AppDelegate.h */,
				FC6DEF601A93BC5D00A86CA8 /* AppDelegate.m */,
				FC6DEF651A93BC5D00A86CA8 /* ViewController.h */,
				FC6DEF661A93BC5D00A86CA8 /* ViewController.m */,
				FC6DEF681A93BC5D00A86CA8 /* Main.storyboard */,
				FC6DEF6B1A93BC5D00A86CA8 /* Images.xcassets */,
				FC6DEF6D1A93BC5D00A86CA8 /* LaunchScreen.xib */,
				FC6DEF5B1A93BC5D00A86CA8 /* Supporting Files */,
				677EFC7A3CFFDC9B7C5F12F9 /* Utils */,
				677EFAE85B7FA7CF74BAA2F3 /* DataModel */,
				677EF2BF4C637EE22D14590A /* DataSave */,
			);
			path = SimpleConverter;
			sourceTree = "<group>";
		};
		FC6DEF5B1A93BC5D00A86CA8 /* Supporting Files */ = {
			isa = PBXGroup;
			children = (
				FC6DEF5C1A93BC5D00A86CA8 /* Info.plist */,
				FC6DEF5D1A93BC5D00A86CA8 /* main.m */,
			);
			name = "Supporting Files";
			sourceTree = "<group>";
		};
		FC6DEF771A93BC5E00A86CA8 /* SimpleConverterTests */ = {
			isa = PBXGroup;
			children = (
				FC6DEF781A93BC5E00A86CA8 /* Supporting Files */,
				677EFE90C6505C7B843E7D77 /* Utils */,
				677EFF8F2A25AB99379B6C21 /* DataSave */,
				677EF70C91710859B1FCDEBB /* TestUtils */,
			);
			path = SimpleConverterTests;
			sourceTree = "<group>";
		};
		FC6DEF781A93BC5E00A86CA8 /* Supporting Files */ = {
			isa = PBXGroup;
			children = (
				FC6DEF791A93BC5E00A86CA8 /* Info.plist */,
			);
			name = "Supporting Files";
			sourceTree = "<group>";
		};
/* End PBXGroup section */

/* Begin PBXNativeTarget section */
		FC6DEF571A93BC5D00A86CA8 /* SimpleConverter */ = {
			isa = PBXNativeTarget;
			buildConfigurationList = FC6DEF7E1A93BC5E00A86CA8 /* Build configuration list for PBXNativeTarget "SimpleConverter" */;
			buildPhases = (
				A5165C934A95D7372F21EF18 /* Check Pods Manifest.lock */,
				FC6DEF541A93BC5D00A86CA8 /* Sources */,
				FC6DEF551A93BC5D00A86CA8 /* Frameworks */,
				FC6DEF561A93BC5D00A86CA8 /* Resources */,
				2D363248404E30AA3FADEA2F /* Copy Pods Resources */,
			);
			buildRules = (
			);
			dependencies = (
			);
			name = SimpleConverter;
			productName = SimpleConverter;
			productReference = FC6DEF581A93BC5D00A86CA8 /* SimpleConverter.app */;
			productType = "com.apple.product-type.application";
		};
		FC6DEF731A93BC5E00A86CA8 /* SimpleConverterTests */ = {
			isa = PBXNativeTarget;
			buildConfigurationList = FC6DEF811A93BC5E00A86CA8 /* Build configuration list for PBXNativeTarget "SimpleConverterTests" */;
			buildPhases = (
				FC6DEF701A93BC5E00A86CA8 /* Sources */,
				FC6DEF711A93BC5E00A86CA8 /* Frameworks */,
				FC6DEF721A93BC5E00A86CA8 /* Resources */,
			);
			buildRules = (
			);
			dependencies = (
				FC6DEF761A93BC5E00A86CA8 /* PBXTargetDependency */,
			);
			name = SimpleConverterTests;
			productName = SimpleConverterTests;
			productReference = FC6DEF741A93BC5E00A86CA8 /* SimpleConverterTests.xctest */;
			productType = "com.apple.product-type.bundle.unit-test";
		};
/* End PBXNativeTarget section */

/* Begin PBXProject section */
		FC6DEF501A93BC5D00A86CA8 /* Project object */ = {
			isa = PBXProject;
			attributes = {
				LastUpgradeCheck = 0610;
				ORGANIZATIONNAME = "Sergei Borisov for 2GIS";
				TargetAttributes = {
					FC6DEF571A93BC5D00A86CA8 = {
						CreatedOnToolsVersion = 6.1.1;
					};
					FC6DEF731A93BC5E00A86CA8 = {
						CreatedOnToolsVersion = 6.1.1;
						TestTargetID = FC6DEF571A93BC5D00A86CA8;
					};
				};
			};
			buildConfigurationList = FC6DEF531A93BC5D00A86CA8 /* Build configuration list for PBXProject "SimpleConverter" */;
			compatibilityVersion = "Xcode 3.2";
			developmentRegion = English;
			hasScannedForEncodings = 0;
			knownRegions = (
				en,
				Base,
			);
			mainGroup = FC6DEF4F1A93BC5D00A86CA8;
			productRefGroup = FC6DEF591A93BC5D00A86CA8 /* Products */;
			projectDirPath = "";
			projectRoot = "";
			targets = (
				FC6DEF571A93BC5D00A86CA8 /* SimpleConverter */,
				FC6DEF731A93BC5E00A86CA8 /* SimpleConverterTests */,
			);
		};
/* End PBXProject section */

/* Begin PBXResourcesBuildPhase section */
		FC6DEF561A93BC5D00A86CA8 /* Resources */ = {
			isa = PBXResourcesBuildPhase;
			buildActionMask = 2147483647;
			files = (
				FC6DEF6A1A93BC5D00A86CA8 /* Main.storyboard in Resources */,
				FC6DEF6F1A93BC5D00A86CA8 /* LaunchScreen.xib in Resources */,
				FC6DEF6C1A93BC5D00A86CA8 /* Images.xcassets in Resources */,
			);
			runOnlyForDeploymentPostprocessing = 0;
		};
		FC6DEF721A93BC5E00A86CA8 /* Resources */ = {
			isa = PBXResourcesBuildPhase;
			buildActionMask = 2147483647;
			files = (
			);
			runOnlyForDeploymentPostprocessing = 0;
		};
/* End PBXResourcesBuildPhase section */

/* Begin PBXShellScriptBuildPhase section */
		2D363248404E30AA3FADEA2F /* Copy Pods Resources */ = {
			isa = PBXShellScriptBuildPhase;
			buildActionMask = 2147483647;
			files = (
			);
			inputPaths = (
			);
			name = "Copy Pods Resources";
			outputPaths = (
			);
			runOnlyForDeploymentPostprocessing = 0;
			shellPath = /bin/sh;
			shellScript = "\"${SRCROOT}/Pods/Target Support Files/Pods-SimpleConverter/Pods-SimpleConverter-resources.sh\"\n";
			showEnvVarsInLog = 0;
		};
		A5165C934A95D7372F21EF18 /* Check Pods Manifest.lock */ = {
			isa = PBXShellScriptBuildPhase;
			buildActionMask = 2147483647;
			files = (
			);
			inputPaths = (
			);
			name = "Check Pods Manifest.lock";
			outputPaths = (
			);
			runOnlyForDeploymentPostprocessing = 0;
			shellPath = /bin/sh;
			shellScript = "diff \"${PODS_ROOT}/../Podfile.lock\" \"${PODS_ROOT}/Manifest.lock\" > /dev/null\nif [[ $? != 0 ]] ; then\n    cat << EOM\nerror: The sandbox is not in sync with the Podfile.lock. Run 'pod install' or update your CocoaPods installation.\nEOM\n    exit 1\nfi\n";
			showEnvVarsInLog = 0;
		};
/* End PBXShellScriptBuildPhase section */

/* Begin PBXSourcesBuildPhase section */
		FC6DEF541A93BC5D00A86CA8 /* Sources */ = {
			isa = PBXSourcesBuildPhase;
			buildActionMask = 2147483647;
			files = (
				FC6DEF611A93BC5D00A86CA8 /* AppDelegate.m in Sources */,
				FC7750E21A94E0CD00542A72 /* SBRate.m in Sources */,
				FC6DEF5E1A93BC5D00A86CA8 /* main.m in Sources */,
				FC6DEF671A93BC5D00A86CA8 /* ViewController.m in Sources */,
				677EFD1A78CF0A444A18645A /* NSString+MD5.m in Sources */,
				677EFCA6F3B0765BE45A798C /* NSArray+Utils.m in Sources */,
				677EF340996F44E1504EE3E8 /* NSNumber+Utils.m in Sources */,
				677EFA87BFEC991391D9F8F5 /* NSObject+Utils.m in Sources */,
				677EFA13BF95B81EE2C730CB /* NSString+Utils.m in Sources */,
				677EFF1A67E64A900001236F /* NSDictionary+Utils.m in Sources */,
				677EFC28C9D88ED58B3E5298 /* SimpleConverter.xcdatamodel in Sources */,
				677EFC7ED3BA98E4BEFBAD3F /* SBCurrencyRateSaver.m in Sources */,
			);
			runOnlyForDeploymentPostprocessing = 0;
		};
		FC6DEF701A93BC5E00A86CA8 /* Sources */ = {
			isa = PBXSourcesBuildPhase;
			buildActionMask = 2147483647;
			files = (
				677EFA6E5F86C6185051270F /* SBArrayUtilsTests.m in Sources */,
				677EF1113C73AAE83D96033D /* SBNumberUtilsTests.m in Sources */,
				677EF9BF3FE835EDDA51DB55 /* SBObjectUtilsTests.m in Sources */,
				FC7750E41A94EED900542A72 /* SBCurrencyRateSaverTests.m in Sources */,
				677EF8B2DE39D0ECE0E8C00D /* SBStringUtilsTests.m in Sources */,
				677EF8E4F96504DCA522C615 /* SBDictionaryUtilsTests.m in Sources */,
				677EF8607FE5D4DB401AEE20 /* NSManagedObjectContext+Testing.m in Sources */,
			);
			runOnlyForDeploymentPostprocessing = 0;
		};
/* End PBXSourcesBuildPhase section */

/* Begin PBXTargetDependency section */
		FC6DEF761A93BC5E00A86CA8 /* PBXTargetDependency */ = {
			isa = PBXTargetDependency;
			target = FC6DEF571A93BC5D00A86CA8 /* SimpleConverter */;
			targetProxy = FC6DEF751A93BC5E00A86CA8 /* PBXContainerItemProxy */;
		};
/* End PBXTargetDependency section */

/* Begin PBXVariantGroup section */
		FC6DEF681A93BC5D00A86CA8 /* Main.storyboard */ = {
			isa = PBXVariantGroup;
			children = (
				FC6DEF691A93BC5D00A86CA8 /* Base */,
			);
			name = Main.storyboard;
			sourceTree = "<group>";
		};
		FC6DEF6D1A93BC5D00A86CA8 /* LaunchScreen.xib */ = {
			isa = PBXVariantGroup;
			children = (
				FC6DEF6E1A93BC5D00A86CA8 /* Base */,
			);
			name = LaunchScreen.xib;
			sourceTree = "<group>";
		};
/* End PBXVariantGroup section */

/* Begin XCBuildConfiguration section */
		FC6DEF7C1A93BC5E00A86CA8 /* Debug */ = {
			isa = XCBuildConfiguration;
			buildSettings = {
				ALWAYS_SEARCH_USER_PATHS = NO;
				CLANG_CXX_LANGUAGE_STANDARD = "gnu++0x";
				CLANG_CXX_LIBRARY = "libc++";
				CLANG_ENABLE_MODULES = YES;
				CLANG_ENABLE_OBJC_ARC = YES;
				CLANG_WARN_BOOL_CONVERSION = YES;
				CLANG_WARN_CONSTANT_CONVERSION = YES;
				CLANG_WARN_DIRECT_OBJC_ISA_USAGE = YES_ERROR;
				CLANG_WARN_EMPTY_BODY = YES;
				CLANG_WARN_ENUM_CONVERSION = YES;
				CLANG_WARN_INT_CONVERSION = YES;
				CLANG_WARN_OBJC_ROOT_CLASS = YES_ERROR;
				CLANG_WARN_UNREACHABLE_CODE = YES;
				CLANG_WARN__DUPLICATE_METHOD_MATCH = YES;
				"CODE_SIGN_IDENTITY[sdk=iphoneos*]" = "iPhone Developer";
				COPY_PHASE_STRIP = NO;
				ENABLE_STRICT_OBJC_MSGSEND = YES;
				GCC_C_LANGUAGE_STANDARD = gnu99;
				GCC_DYNAMIC_NO_PIC = NO;
				GCC_OPTIMIZATION_LEVEL = 0;
				GCC_PREPROCESSOR_DEFINITIONS = (
					"DEBUG=1",
					"$(inherited)",
				);
				GCC_SYMBOLS_PRIVATE_EXTERN = NO;
				GCC_WARN_64_TO_32_BIT_CONVERSION = YES;
				GCC_WARN_ABOUT_RETURN_TYPE = YES_ERROR;
				GCC_WARN_UNDECLARED_SELECTOR = YES;
				GCC_WARN_UNINITIALIZED_AUTOS = YES_AGGRESSIVE;
				GCC_WARN_UNUSED_FUNCTION = YES;
				GCC_WARN_UNUSED_VARIABLE = YES;
				IPHONEOS_DEPLOYMENT_TARGET = 8.1;
				MTL_ENABLE_DEBUG_INFO = YES;
				ONLY_ACTIVE_ARCH = YES;
				SDKROOT = iphoneos;
			};
			name = Debug;
		};
		FC6DEF7D1A93BC5E00A86CA8 /* Release */ = {
			isa = XCBuildConfiguration;
			buildSettings = {
				ALWAYS_SEARCH_USER_PATHS = NO;
				CLANG_CXX_LANGUAGE_STANDARD = "gnu++0x";
				CLANG_CXX_LIBRARY = "libc++";
				CLANG_ENABLE_MODULES = YES;
				CLANG_ENABLE_OBJC_ARC = YES;
				CLANG_WARN_BOOL_CONVERSION = YES;
				CLANG_WARN_CONSTANT_CONVERSION = YES;
				CLANG_WARN_DIRECT_OBJC_ISA_USAGE = YES_ERROR;
				CLANG_WARN_EMPTY_BODY = YES;
				CLANG_WARN_ENUM_CONVERSION = YES;
				CLANG_WARN_INT_CONVERSION = YES;
				CLANG_WARN_OBJC_ROOT_CLASS = YES_ERROR;
				CLANG_WARN_UNREACHABLE_CODE = YES;
				CLANG_WARN__DUPLICATE_METHOD_MATCH = YES;
				"CODE_SIGN_IDENTITY[sdk=iphoneos*]" = "iPhone Developer";
				COPY_PHASE_STRIP = YES;
				ENABLE_NS_ASSERTIONS = NO;
				ENABLE_STRICT_OBJC_MSGSEND = YES;
				GCC_C_LANGUAGE_STANDARD = gnu99;
				GCC_WARN_64_TO_32_BIT_CONVERSION = YES;
				GCC_WARN_ABOUT_RETURN_TYPE = YES_ERROR;
				GCC_WARN_UNDECLARED_SELECTOR = YES;
				GCC_WARN_UNINITIALIZED_AUTOS = YES_AGGRESSIVE;
				GCC_WARN_UNUSED_FUNCTION = YES;
				GCC_WARN_UNUSED_VARIABLE = YES;
				IPHONEOS_DEPLOYMENT_TARGET = 8.1;
				MTL_ENABLE_DEBUG_INFO = NO;
				SDKROOT = iphoneos;
				VALIDATE_PRODUCT = YES;
			};
			name = Release;
		};
		FC6DEF7F1A93BC5E00A86CA8 /* Debug */ = {
			isa = XCBuildConfiguration;
			baseConfigurationReference = 150B7B1D2765C1711DA33D28 /* Pods-SimpleConverter.debug.xcconfig */;
			buildSettings = {
				ASSETCATALOG_COMPILER_APPICON_NAME = AppIcon;
				INFOPLIST_FILE = SimpleConverter/Info.plist;
				LD_RUNPATH_SEARCH_PATHS = "$(inherited) @executable_path/Frameworks";
				PRODUCT_NAME = "$(TARGET_NAME)";
			};
			name = Debug;
		};
		FC6DEF801A93BC5E00A86CA8 /* Release */ = {
			isa = XCBuildConfiguration;
			baseConfigurationReference = D729590306408D77925F4CA0 /* Pods-SimpleConverter.release.xcconfig */;
			buildSettings = {
				ASSETCATALOG_COMPILER_APPICON_NAME = AppIcon;
				INFOPLIST_FILE = SimpleConverter/Info.plist;
				LD_RUNPATH_SEARCH_PATHS = "$(inherited) @executable_path/Frameworks";
				PRODUCT_NAME = "$(TARGET_NAME)";
			};
			name = Release;
		};
		FC6DEF821A93BC5E00A86CA8 /* Debug */ = {
			isa = XCBuildConfiguration;
			buildSettings = {
				BUNDLE_LOADER = "$(TEST_HOST)";
				FRAMEWORK_SEARCH_PATHS = (
					"$(SDKROOT)/Developer/Library/Frameworks",
					"$(inherited)",
				);
				GCC_PREPROCESSOR_DEFINITIONS = (
					"DEBUG=1",
					"$(inherited)",
				);
				INFOPLIST_FILE = SimpleConverterTests/Info.plist;
				LD_RUNPATH_SEARCH_PATHS = "$(inherited) @executable_path/Frameworks @loader_path/Frameworks";
				PRODUCT_NAME = "$(TARGET_NAME)";
				TEST_HOST = "$(BUILT_PRODUCTS_DIR)/SimpleConverter.app/SimpleConverter";
			};
			name = Debug;
		};
		FC6DEF831A93BC5E00A86CA8 /* Release */ = {
			isa = XCBuildConfiguration;
			buildSettings = {
				BUNDLE_LOADER = "$(TEST_HOST)";
				FRAMEWORK_SEARCH_PATHS = (
					"$(SDKROOT)/Developer/Library/Frameworks",
					"$(inherited)",
				);
				INFOPLIST_FILE = SimpleConverterTests/Info.plist;
				LD_RUNPATH_SEARCH_PATHS = "$(inherited) @executable_path/Frameworks @loader_path/Frameworks";
				PRODUCT_NAME = "$(TARGET_NAME)";
				TEST_HOST = "$(BUILT_PRODUCTS_DIR)/SimpleConverter.app/SimpleConverter";
			};
			name = Release;
		};
/* End XCBuildConfiguration section */

/* Begin XCConfigurationList section */
		FC6DEF531A93BC5D00A86CA8 /* Build configuration list for PBXProject "SimpleConverter" */ = {
			isa = XCConfigurationList;
			buildConfigurations = (
				FC6DEF7C1A93BC5E00A86CA8 /* Debug */,
				FC6DEF7D1A93BC5E00A86CA8 /* Release */,
			);
			defaultConfigurationIsVisible = 0;
			defaultConfigurationName = Release;
		};
		FC6DEF7E1A93BC5E00A86CA8 /* Build configuration list for PBXNativeTarget "SimpleConverter" */ = {
			isa = XCConfigurationList;
			buildConfigurations = (
				FC6DEF7F1A93BC5E00A86CA8 /* Debug */,
				FC6DEF801A93BC5E00A86CA8 /* Release */,
			);
			defaultConfigurationIsVisible = 0;
			defaultConfigurationName = Release;
		};
		FC6DEF811A93BC5E00A86CA8 /* Build configuration list for PBXNativeTarget "SimpleConverterTests" */ = {
			isa = XCConfigurationList;
			buildConfigurations = (
				FC6DEF821A93BC5E00A86CA8 /* Debug */,
				FC6DEF831A93BC5E00A86CA8 /* Release */,
			);
			defaultConfigurationIsVisible = 0;
			defaultConfigurationName = Release;
		};
/* End XCConfigurationList section */
	};
	rootObject = FC6DEF501A93BC5D00A86CA8 /* Project object */;
}
